
Microsoft Visual Studio Solution File, Format Version 12.00
# Visual Studio Version 17
VisualStudioVersion = 17.8.34316.72
MinimumVisualStudioVersion = 10.0.40219.1
Project("{FAE04EC0-301F-11D3-BF4B-00C04F79EFBC}") = "OBiletUI", "OBiletUI\OBiletUI.csproj", "{AE45384B-A6D9-4916-A03C-C8A33B45850D}"
EndProject
Project("{FAE04EC0-301F-11D3-BF4B-00C04F79EFBC}") = "OBiletHelper", "OBiletHelper\OBiletHelper.csproj", "{096DFD83-AA26-4DF2-87DC-EFCDD7669A27}"
EndProject
Global
	GlobalSection(SolutionConfigurationPlatforms) = preSolution
		Debug|Any CPU = Debug|Any CPU
		Release|Any CPU = Release|Any CPU
	EndGlobalSection
	GlobalSection(ProjectConfigurationPlatforms) = postSolution
		{AE45384B-A6D9-4916-A03C-C8A33B45850D}.Debug|Any CPU.ActiveCfg = Debug|Any CPU
		{AE45384B-A6D9-4916-A03C-C8A33B45850D}.Debug|Any CPU.Build.0 = Debug|Any CPU
		{AE45384B-A6D9-4916-A03C-C8A33B45850D}.Release|Any CPU.ActiveCfg = Release|Any CPU
		{AE45384B-A6D9-4916-A03C-C8A33B45850D}.Release|Any CPU.Build.0 = Release|Any CPU
		{096DFD83-AA26-4DF2-87DC-EFCDD7669A27}.Debug|Any CPU.ActiveCfg = Debug|Any CPU
		{096DFD83-AA26-4DF2-87DC-EFCDD7669A27}.Debug|Any CPU.Build.0 = Debug|Any CPU
		{096DFD83-AA26-4DF2-87DC-EFCDD7669A27}.Release|Any CPU.ActiveCfg = Release|Any CPU
		{096DFD83-AA26-4DF2-87DC-EFCDD7669A27}.Release|Any CPU.Build.0 = Release|Any CPU
	EndGlobalSection
	GlobalSection(SolutionProperties) = preSolution
		HideSolutionNode = FALSE
	EndGlobalSection
	GlobalSection(ExtensibilityGlobals) = postSolution
		SolutionGuid = {277A2AA3-2F08-4EDA-950B-ACA59C062D24}
	EndGlobalSection
EndGlobal
